
Microsoft Visual Studio Solution File, Format Version 12.00
# Visual Studio Version 16
VisualStudioVersion = 16.0.30114.128
MinimumVisualStudioVersion = 10.0.40219.1
Project("{9A19103F-16F7-4668-BE54-9A1E7A4F7556}") = "Comlink.Core", "Comlink.Core\Comlink.Core.csproj", "{F34CA285-134D-4752-B826-7296EE22BB8C}"
EndProject
Project("{9A19103F-16F7-4668-BE54-9A1E7A4F7556}") = "Comlink.WebView2", "Comlink.WebView2\Comlink.WebView2.csproj", "{A723E519-DBB3-48E6-84BA-87967D70D3A0}"
EndProject
Project("{2150E333-8FDC-42A3-9474-1A3956D46DE8}") = "Solution Items", "Solution Items", "{0C4E60DA-114A-4664-8BF0-14BC4FD6B0C2}"
	ProjectSection(SolutionItems) = preProject
		.editorconfig = .editorconfig
	EndProjectSection
EndProject
Project("{9A19103F-16F7-4668-BE54-9A1E7A4F7556}") = "Comlink.CefSharp", "Comlink.CefSharp\Comlink.CefSharp.csproj", "{F8195626-560A-484C-BAEC-CCCD65ECC537}"
EndProject
Project("{9A19103F-16F7-4668-BE54-9A1E7A4F7556}") = "Example", "Example\Example.csproj", "{7E874422-01DE-4A1B-8334-6AE14DCD87D1}"
EndProject
Global
	GlobalSection(SolutionConfigurationPlatforms) = preSolution
		Debug|x64 = Debug|x64
		Release|x64 = Release|x64
	EndGlobalSection
	GlobalSection(ProjectConfigurationPlatforms) = postSolution
		{F34CA285-134D-4752-B826-7296EE22BB8C}.Debug|x64.ActiveCfg = Debug|x64
		{F34CA285-134D-4752-B826-7296EE22BB8C}.Debug|x64.Build.0 = Debug|x64
		{F34CA285-134D-4752-B826-7296EE22BB8C}.Release|x64.ActiveCfg = Release|x64
		{F34CA285-134D-4752-B826-7296EE22BB8C}.Release|x64.Build.0 = Release|x64
		{A723E519-DBB3-48E6-84BA-87967D70D3A0}.Debug|x64.ActiveCfg = Debug|x64
		{A723E519-DBB3-48E6-84BA-87967D70D3A0}.Debug|x64.Build.0 = Debug|x64
		{A723E519-DBB3-48E6-84BA-87967D70D3A0}.Release|x64.ActiveCfg = Release|x64
		{A723E519-DBB3-48E6-84BA-87967D70D3A0}.Release|x64.Build.0 = Release|x64
		{F8195626-560A-484C-BAEC-CCCD65ECC537}.Debug|x64.ActiveCfg = Debug|x64
		{F8195626-560A-484C-BAEC-CCCD65ECC537}.Debug|x64.Build.0 = Debug|x64
		{F8195626-560A-484C-BAEC-CCCD65ECC537}.Release|x64.ActiveCfg = Release|x64
		{F8195626-560A-484C-BAEC-CCCD65ECC537}.Release|x64.Build.0 = Release|x64
		{7E874422-01DE-4A1B-8334-6AE14DCD87D1}.Debug|x64.ActiveCfg = Debug|x64
		{7E874422-01DE-4A1B-8334-6AE14DCD87D1}.Debug|x64.Build.0 = Debug|x64
		{7E874422-01DE-4A1B-8334-6AE14DCD87D1}.Release|x64.ActiveCfg = Release|x64
		{7E874422-01DE-4A1B-8334-6AE14DCD87D1}.Release|x64.Build.0 = Release|x64
	EndGlobalSection
	GlobalSection(SolutionProperties) = preSolution
		HideSolutionNode = FALSE
	EndGlobalSection
	GlobalSection(ExtensibilityGlobals) = postSolution
		SolutionGuid = {7741B184-7027-48A1-BAD6-57201DEAA666}
	EndGlobalSection
EndGlobal
