{
    "name": "Example",
    "version": "1.0.0",
    "lockfileVersion": 2,
    "requires": true,
    "packages": {
        "": {
            "name": "Example",
            "version": "1.0.0",
            "dependencies": {
                "comlink": "4.4.1"
            }
        },
        "node_modules/comlink": {
            "version": "4.4.1",
            "resolved": "https://registry.npmjs.org/comlink/-/comlink-4.4.1.tgz",
            "integrity": "sha512-+1dlx0aY5Jo1vHy/tSsIGpSkN4tS9rZSW8FIhG0JH/crs9wwweswIo/POr451r7bZww3hFbPAKnTpimzL/mm4Q=="
        }
    },
    "dependencies": {
        "comlink": {
            "version": "4.4.1",
            "resolved": "https://registry.npmjs.org/comlink/-/comlink-4.4.1.tgz",
            "integrity": "sha512-+1dlx0aY5Jo1vHy/tSsIGpSkN4tS9rZSW8FIhG0JH/crs9wwweswIo/POr451r7bZww3hFbPAKnTpimzL/mm4Q=="
        }
    }
}
